
Microsoft Visual Studio Solution File, Format Version 12.00
# Visual Studio Version 16
VisualStudioVersion = 16.0.30503.244
MinimumVisualStudioVersion = 10.0.40219.1
Project("{FAE04EC0-301F-11D3-BF4B-00C04F79EFBC}") = "chemscript", "chemscript.csproj", "{3FA6D4BF-D398-4C54-99FF-8064A4728F61}"
EndProject
Global
	GlobalSection(SolutionConfigurationPlatforms) = preSolution
		Debug|Any CPU = Debug|Any CPU
		Release|Any CPU = Release|Any CPU
	EndGlobalSection
	GlobalSection(ProjectConfigurationPlatforms) = postSolution
		{3FA6D4BF-D398-4C54-99FF-8064A4728F61}.Debug|Any CPU.ActiveCfg = Debug|Any CPU
		{3FA6D4BF-D398-4C54-99FF-8064A4728F61}.Debug|Any CPU.Build.0 = Debug|Any CPU
		{3FA6D4BF-D398-4C54-99FF-8064A4728F61}.Release|Any CPU.ActiveCfg = Release|Any CPU
		{3FA6D4BF-D398-4C54-99FF-8064A4728F61}.Release|Any CPU.Build.0 = Release|Any CPU
	EndGlobalSection
	GlobalSection(SolutionProperties) = preSolution
		HideSolutionNode = FALSE
	EndGlobalSection
	GlobalSection(ExtensibilityGlobals) = postSolution
		SolutionGuid = {C7D2E74D-40D1-47E1-BA55-4DF30935B432}
	EndGlobalSection
EndGlobal
